
Microsoft Visual Studio Solution File, Format Version 12.00
# Visual Studio 15
VisualStudioVersion = 15.0.28307.1300
MinimumVisualStudioVersion = 10.0.40219.1
Project("{FAE04EC0-301F-11D3-BF4B-00C04F79EFBC}") = "TesteAPI", "TesteAPI\TesteAPI.csproj", "{37EE1345-DC06-48BA-9D05-4120221206C6}"
EndProject
Global
	GlobalSection(SolutionConfigurationPlatforms) = preSolution
		Debug|Any CPU = Debug|Any CPU
		Release|Any CPU = Release|Any CPU
	EndGlobalSection
	GlobalSection(ProjectConfigurationPlatforms) = postSolution
		{37EE1345-DC06-48BA-9D05-4120221206C6}.Debug|Any CPU.ActiveCfg = Debug|Any CPU
		{37EE1345-DC06-48BA-9D05-4120221206C6}.Debug|Any CPU.Build.0 = Debug|Any CPU
		{37EE1345-DC06-48BA-9D05-4120221206C6}.Release|Any CPU.ActiveCfg = Release|Any CPU
		{37EE1345-DC06-48BA-9D05-4120221206C6}.Release|Any CPU.Build.0 = Release|Any CPU
	EndGlobalSection
	GlobalSection(SolutionProperties) = preSolution
		HideSolutionNode = FALSE
	EndGlobalSection
	GlobalSection(ExtensibilityGlobals) = postSolution
		SolutionGuid = {D7058261-6C33-4A35-895D-BCDF9B274E24}
	EndGlobalSection
EndGlobal
